
Microsoft Visual Studio Solution File, Format Version 12.00
# Visual Studio Version 17
VisualStudioVersion = 17.13.35931.197 d17.13
MinimumVisualStudioVersion = 10.0.40219.1
Project("{FAE04EC0-301F-11D3-BF4B-00C04F79EFBC}") = "APEX.UI", "APEX.UI\APEX.UI.csproj", "{0E4351B4-704D-4A25-ABFE-0F778305939A}"
EndProject
Project("{FAE04EC0-301F-11D3-BF4B-00C04F79EFBC}") = "APEX.Common", "APEX.Common\APEX.Common.csproj", "{B1121CD3-9E7B-4E90-ABD2-A44BD5EC5B89}"
EndProject
Project("{FAE04EC0-301F-11D3-BF4B-00C04F79EFBC}") = "APEX.Configuration", "APEX.Configuration\APEX.Configuration.csproj", "{603DA113-71FA-4B60-BA8D-6EA916DB2A77}"
EndProject
Project("{FAE04EC0-301F-11D3-BF4B-00C04F79EFBC}") = "APEX.Services", "APEX.Services\APEX.Services.csproj", "{BC6FC623-0EF2-43BE-BBFF-5C1D9550FA2F}"
EndProject
Project("{D954291E-2A0B-460D-934E-DC6B0785DB48}") = "APEX.Styles", "APEX.Styles\APEX.Styles.shproj", "{6E0C8217-961E-4A2F-922A-A57B713DDB0A}"
EndProject
Global
	GlobalSection(SolutionConfigurationPlatforms) = preSolution
		Debug|Any CPU = Debug|Any CPU
		Release|Any CPU = Release|Any CPU
	EndGlobalSection
	GlobalSection(ProjectConfigurationPlatforms) = postSolution
		{0E4351B4-704D-4A25-ABFE-0F778305939A}.Debug|Any CPU.ActiveCfg = Debug|Any CPU
		{0E4351B4-704D-4A25-ABFE-0F778305939A}.Debug|Any CPU.Build.0 = Debug|Any CPU
		{0E4351B4-704D-4A25-ABFE-0F778305939A}.Release|Any CPU.ActiveCfg = Release|Any CPU
		{0E4351B4-704D-4A25-ABFE-0F778305939A}.Release|Any CPU.Build.0 = Release|Any CPU
		{B1121CD3-9E7B-4E90-ABD2-A44BD5EC5B89}.Debug|Any CPU.ActiveCfg = Debug|Any CPU
		{B1121CD3-9E7B-4E90-ABD2-A44BD5EC5B89}.Debug|Any CPU.Build.0 = Debug|Any CPU
		{B1121CD3-9E7B-4E90-ABD2-A44BD5EC5B89}.Release|Any CPU.ActiveCfg = Release|Any CPU
		{B1121CD3-9E7B-4E90-ABD2-A44BD5EC5B89}.Release|Any CPU.Build.0 = Release|Any CPU
		{603DA113-71FA-4B60-BA8D-6EA916DB2A77}.Debug|Any CPU.ActiveCfg = Debug|Any CPU
		{603DA113-71FA-4B60-BA8D-6EA916DB2A77}.Debug|Any CPU.Build.0 = Debug|Any CPU
		{603DA113-71FA-4B60-BA8D-6EA916DB2A77}.Release|Any CPU.ActiveCfg = Release|Any CPU
		{603DA113-71FA-4B60-BA8D-6EA916DB2A77}.Release|Any CPU.Build.0 = Release|Any CPU
		{BC6FC623-0EF2-43BE-BBFF-5C1D9550FA2F}.Debug|Any CPU.ActiveCfg = Debug|Any CPU
		{BC6FC623-0EF2-43BE-BBFF-5C1D9550FA2F}.Debug|Any CPU.Build.0 = Debug|Any CPU
		{BC6FC623-0EF2-43BE-BBFF-5C1D9550FA2F}.Release|Any CPU.ActiveCfg = Release|Any CPU
		{BC6FC623-0EF2-43BE-BBFF-5C1D9550FA2F}.Release|Any CPU.Build.0 = Release|Any CPU
	EndGlobalSection
	GlobalSection(SolutionProperties) = preSolution
		HideSolutionNode = FALSE
	EndGlobalSection
	GlobalSection(ExtensibilityGlobals) = postSolution
		SolutionGuid = {EF764EFF-636F-496B-8E3D-69AF6B2CB03D}
	EndGlobalSection
	GlobalSection(SharedMSBuildProjectFiles) = preSolution
		APEX.Styles\APEX.Styles.projitems*{6e0c8217-961e-4a2f-922a-a57b713ddb0a}*SharedItemsImports = 13
	EndGlobalSection
EndGlobal
