
Microsoft Visual Studio Solution File, Format Version 12.00
# Visual Studio Version 17
VisualStudioVersion = 17.13.35931.197
MinimumVisualStudioVersion = 10.0.40219.1
Project("{FAE04EC0-301F-11D3-BF4B-00C04F79EFBC}") = "Common", "APEX.Common\Common.csproj", "{B1121CD3-9E7B-4E90-ABD2-A44BD5EC5B89}"
EndProject
Project("{FAE04EC0-301F-11D3-BF4B-00C04F79EFBC}") = "Configuration", "APEX.Configuration\Configuration.csproj", "{603DA113-71FA-4B60-BA8D-6EA916DB2A77}"
EndProject
Project("{FAE04EC0-301F-11D3-BF4B-00C04F79EFBC}") = "Services", "APEX.Services\Services.csproj", "{BC6FC623-0EF2-43BE-BBFF-5C1D9550FA2F}"
EndProject
Project("{FAE04EC0-301F-11D3-BF4B-00C04F79EFBC}") = "HG_Laser", "..\..\..\Users\A8753\Downloads\Dhanush Docs\Dhanush Docs\WPF\Projects\HG Laser\HG_Laser\HG_Laser\HG_Laser.csproj", "{C7BEADE1-63F6-4D45-A245-0481240A249F}"
	ProjectSection(ProjectDependencies) = postProject
		{603DA113-71FA-4B60-BA8D-6EA916DB2A77} = {603DA113-71FA-4B60-BA8D-6EA916DB2A77}
		{B1121CD3-9E7B-4E90-ABD2-A44BD5EC5B89} = {B1121CD3-9E7B-4E90-ABD2-A44BD5EC5B89}
		{BC6FC623-0EF2-43BE-BBFF-5C1D9550FA2F} = {BC6FC623-0EF2-43BE-BBFF-5C1D9550FA2F}
	EndProjectSection
EndProject
Global
	GlobalSection(SolutionConfigurationPlatforms) = preSolution
		Debug|Any CPU = Debug|Any CPU
		Release|Any CPU = Release|Any CPU
	EndGlobalSection
	GlobalSection(ProjectConfigurationPlatforms) = postSolution
		{B1121CD3-9E7B-4E90-ABD2-A44BD5EC5B89}.Debug|Any CPU.ActiveCfg = Debug|Any CPU
		{B1121CD3-9E7B-4E90-ABD2-A44BD5EC5B89}.Debug|Any CPU.Build.0 = Debug|Any CPU
		{B1121CD3-9E7B-4E90-ABD2-A44BD5EC5B89}.Release|Any CPU.ActiveCfg = Release|Any CPU
		{B1121CD3-9E7B-4E90-ABD2-A44BD5EC5B89}.Release|Any CPU.Build.0 = Release|Any CPU
		{603DA113-71FA-4B60-BA8D-6EA916DB2A77}.Debug|Any CPU.ActiveCfg = Debug|Any CPU
		{603DA113-71FA-4B60-BA8D-6EA916DB2A77}.Debug|Any CPU.Build.0 = Debug|Any CPU
		{603DA113-71FA-4B60-BA8D-6EA916DB2A77}.Release|Any CPU.ActiveCfg = Release|Any CPU
		{603DA113-71FA-4B60-BA8D-6EA916DB2A77}.Release|Any CPU.Build.0 = Release|Any CPU
		{BC6FC623-0EF2-43BE-BBFF-5C1D9550FA2F}.Debug|Any CPU.ActiveCfg = Debug|Any CPU
		{BC6FC623-0EF2-43BE-BBFF-5C1D9550FA2F}.Debug|Any CPU.Build.0 = Debug|Any CPU
		{BC6FC623-0EF2-43BE-BBFF-5C1D9550FA2F}.Release|Any CPU.ActiveCfg = Release|Any CPU
		{BC6FC623-0EF2-43BE-BBFF-5C1D9550FA2F}.Release|Any CPU.Build.0 = Release|Any CPU
		{C7BEADE1-63F6-4D45-A245-0481240A249F}.Debug|Any CPU.ActiveCfg = Debug|Any CPU
		{C7BEADE1-63F6-4D45-A245-0481240A249F}.Debug|Any CPU.Build.0 = Debug|Any CPU
		{C7BEADE1-63F6-4D45-A245-0481240A249F}.Release|Any CPU.ActiveCfg = Release|Any CPU
		{C7BEADE1-63F6-4D45-A245-0481240A249F}.Release|Any CPU.Build.0 = Release|Any CPU
	EndGlobalSection
	GlobalSection(SolutionProperties) = preSolution
		HideSolutionNode = FALSE
	EndGlobalSection
	GlobalSection(ExtensibilityGlobals) = postSolution
		SolutionGuid = {EF764EFF-636F-496B-8E3D-69AF6B2CB03D}
	EndGlobalSection
EndGlobal
