
Microsoft Visual Studio Solution File, Format Version 12.00
# Visual Studio Version 17
VisualStudioVersion = 17.12.35527.113 d17.12
MinimumVisualStudioVersion = 10.0.40219.1
Project("{FAE04EC0-301F-11D3-BF4B-00C04F79EFBC}") = "HG_Laser", "HG_Laser\HG_Laser.csproj", "{867C1DDA-567E-4A6E-BB2C-39C7C439766F}"
EndProject
Global
	GlobalSection(SolutionConfigurationPlatforms) = preSolution
		Debug|Any CPU = Debug|Any CPU
		Release|Any CPU = Release|Any CPU
	EndGlobalSection
	GlobalSection(ProjectConfigurationPlatforms) = postSolution
		{867C1DDA-567E-4A6E-BB2C-39C7C439766F}.Debug|Any CPU.ActiveCfg = Debug|Any CPU
		{867C1DDA-567E-4A6E-BB2C-39C7C439766F}.Debug|Any CPU.Build.0 = Debug|Any CPU
		{867C1DDA-567E-4A6E-BB2C-39C7C439766F}.Release|Any CPU.ActiveCfg = Release|Any CPU
		{867C1DDA-567E-4A6E-BB2C-39C7C439766F}.Release|Any CPU.Build.0 = Release|Any CPU
	EndGlobalSection
	GlobalSection(SolutionProperties) = preSolution
		HideSolutionNode = FALSE
	EndGlobalSection
EndGlobal
